// !$*UTF8*$!
{
	archiveVersion = 1;
	classes = {
	};
	objectVersion = 56;
	objects = {

/* Begin PBXBuildFile section */
		F33B71372D89B66200A49099 /* AppDelegate.swift in Sources */ = {isa = PBXBuildFile; fileRef = F33B71362D89B66200A49099 /* AppDelegate.swift */; };
		F33B713B2D89B66200A49099 /* MainViewController.swift in Sources */ = {isa = PBXBuildFile; fileRef = F33B713A2D89B66200A49099 /* MainViewController.swift */; };
		F33B71402D89B66400A49099 /* Assets.xcassets in Resources */ = {isa = PBXBuildFile; fileRef = F33B713F2D89B66400A49099 /* Assets.xcassets */; };
		F33B71432D89B66400A49099 /* Base in Resources */ = {isa = PBXBuildFile; fileRef = F33B71422D89B66400A49099 /* Base */; };
		F33B71812D903DBD00A49099 /* Movie.swift in Sources */ = {isa = PBXBuildFile; fileRef = F33B71802D903DBD00A49099 /* Movie.swift */; };
		F33B71832D903DC700A49099 /* Video.swift in Sources */ = {isa = PBXBuildFile; fileRef = F33B71822D903DC700A49099 /* Video.swift */; };
		F33B71A92D919C8D00A49099 /* SnapKit in Frameworks */ = {isa = PBXBuildFile; productRef = F33B71A82D919C8D00A49099 /* SnapKit */; };
		F33B71AB2D919CCE00A49099 /* PosterCell.swift in Sources */ = {isa = PBXBuildFile; fileRef = F33B71AA2D919CCE00A49099 /* PosterCell.swift */; };
		F33B71AD2D919D0600A49099 /* YoutubeViewController.swift in Sources */ = {isa = PBXBuildFile; fileRef = F33B71AC2D919D0600A49099 /* YoutubeViewController.swift */; };
		F33B71AF2D919EDE00A49099 /* SectionHeaderView.swift in Sources */ = {isa = PBXBuildFile; fileRef = F33B71AE2D919EDE00A49099 /* SectionHeaderView.swift */; };
		F3FC48472DD332400040DF9D /* MainViewModel.swift in Sources */ = {isa = PBXBuildFile; fileRef = F3FC48462DD332400040DF9D /* MainViewModel.swift */; };
		F3FC484A2DD335B30040DF9D /* NetworkManager.swift in Sources */ = {isa = PBXBuildFile; fileRef = F3FC48492DD335B30040DF9D /* NetworkManager.swift */; };
		F3FC485C2DD486E40040DF9D /* RxCocoa in Frameworks */ = {isa = PBXBuildFile; productRef = F3FC485B2DD486E40040DF9D /* RxCocoa */; };
		F3FC485E2DD486E40040DF9D /* RxRelay in Frameworks */ = {isa = PBXBuildFile; productRef = F3FC485D2DD486E40040DF9D /* RxRelay */; };
		F3FC48612DD5E42D0040DF9D /* YouTubeiOSPlayerHelper in Frameworks */ = {isa = PBXBuildFile; productRef = F3FC48602DD5E42D0040DF9D /* YouTubeiOSPlayerHelper */; };
		F3FC48652DD9F2F20040DF9D /* DetailViewModel.swift in Sources */ = {isa = PBXBuildFile; fileRef = F3FC48642DD9F2F20040DF9D /* DetailViewModel.swift */; };
		F3FC48672DD9F3CC0040DF9D /* DetailViewController.swift in Sources */ = {isa = PBXBuildFile; fileRef = F3FC48662DD9F3CC0040DF9D /* DetailViewController.swift */; };
		F3FC486A2DDAFF1A0040DF9D /* Kingfisher in Frameworks */ = {isa = PBXBuildFile; productRef = F3FC48692DDAFF1A0040DF9D /* Kingfisher */; };
		F3FC486D2DDB2AE60040DF9D /* UFlixModel.xcdatamodeld in Sources */ = {isa = PBXBuildFile; fileRef = F3FC486B2DDB2AE60040DF9D /* UFlixModel.xcdatamodeld */; };
		F3FC486F2DDB2B8B0040DF9D /* CoreDataManager.swift in Sources */ = {isa = PBXBuildFile; fileRef = F3FC486E2DDB2B8B0040DF9D /* CoreDataManager.swift */; };
		F3FC48762DDB2E7B0040DF9D /* FavoriteMovie+CoreDataClass.swift in Sources */ = {isa = PBXBuildFile; fileRef = F3FC48742DDB2E7B0040DF9D /* FavoriteMovie+CoreDataClass.swift */; };
		F3FC48772DDB2E7B0040DF9D /* FavoriteMovie+CoreDataProperties.swift in Sources */ = {isa = PBXBuildFile; fileRef = F3FC48752DDB2E7B0040DF9D /* FavoriteMovie+CoreDataProperties.swift */; };
		F3FC48792DDC72BC0040DF9D /* MyNetflixViewController.swift in Sources */ = {isa = PBXBuildFile; fileRef = F3FC48782DDC72BC0040DF9D /* MyNetflixViewController.swift */; };
		F3FC487B2DDC72C50040DF9D /* MyNetflixViewModel.swift in Sources */ = {isa = PBXBuildFile; fileRef = F3FC487A2DDC72C50040DF9D /* MyNetflixViewModel.swift */; };
		F3FC487D2DDEEF9A0040DF9D /* FavoriteMovieCell.swift in Sources */ = {isa = PBXBuildFile; fileRef = F3FC487C2DDEEF9A0040DF9D /* FavoriteMovieCell.swift */; };
		F3FC48812DDEFCD70040DF9D /* MainTabBarController.swift in Sources */ = {isa = PBXBuildFile; fileRef = F3FC48802DDEFCD70040DF9D /* MainTabBarController.swift */; };
		F3FC48832DDF0F920040DF9D /* BaseViewController.swift in Sources */ = {isa = PBXBuildFile; fileRef = F3FC48822DDF0F920040DF9D /* BaseViewController.swift */; };
		F3FC48852DE04F1E0040DF9D /* SearchViewController.swift in Sources */ = {isa = PBXBuildFile; fileRef = F3FC48842DE04F1E0040DF9D /* SearchViewController.swift */; };
		F3FC48872DE04F3C0040DF9D /* SearchViewModel.swift in Sources */ = {isa = PBXBuildFile; fileRef = F3FC48862DE04F3C0040DF9D /* SearchViewModel.swift */; };
		F3FC48892DE0594A0040DF9D /* SearchHistoryManager.swift in Sources */ = {isa = PBXBuildFile; fileRef = F3FC48882DE0594A0040DF9D /* SearchHistoryManager.swift */; };
		F3FC488B2DE064A10040DF9D /* HistoryCell.swift in Sources */ = {isa = PBXBuildFile; fileRef = F3FC488A2DE064A10040DF9D /* HistoryCell.swift */; };
		F3FC488D2DE45B630040DF9D /* SearchResultView.swift in Sources */ = {isa = PBXBuildFile; fileRef = F3FC488C2DE45B630040DF9D /* SearchResultView.swift */; };
/* End PBXBuildFile section */

/* Begin PBXFileReference section */
		F33B71332D89B66200A49099 /* Uflix.app */ = {isa = PBXFileReference; explicitFileType = wrapper.application; includeInIndex = 0; path = Uflix.app; sourceTree = BUILT_PRODUCTS_DIR; };
		F33B71362D89B66200A49099 /* AppDelegate.swift */ = {isa = PBXFileReference; lastKnownFileType = sourcecode.swift; path = AppDelegate.swift; sourceTree = "<group>"; };
		F33B713A2D89B66200A49099 /* MainViewController.swift */ = {isa = PBXFileReference; lastKnownFileType = sourcecode.swift; path = MainViewController.swift; sourceTree = "<group>"; };
		F33B713F2D89B66400A49099 /* Assets.xcassets */ = {isa = PBXFileReference; lastKnownFileType = folder.assetcatalog; path = Assets.xcassets; sourceTree = "<group>"; };
		F33B71422D89B66400A49099 /* Base */ = {isa = PBXFileReference; lastKnownFileType = file.storyboard; name = Base; path = Base.lproj/LaunchScreen.storyboard; sourceTree = "<group>"; };
		F33B71442D89B66400A49099 /* Info.plist */ = {isa = PBXFileReference; lastKnownFileType = text.plist.xml; path = Info.plist; sourceTree = "<group>"; };
		F33B71802D903DBD00A49099 /* Movie.swift */ = {isa = PBXFileReference; lastKnownFileType = sourcecode.swift; path = Movie.swift; sourceTree = "<group>"; };
		F33B71822D903DC700A49099 /* Video.swift */ = {isa = PBXFileReference; lastKnownFileType = sourcecode.swift; path = Video.swift; sourceTree = "<group>"; };
		F33B71AA2D919CCE00A49099 /* PosterCell.swift */ = {isa = PBXFileReference; lastKnownFileType = sourcecode.swift; path = PosterCell.swift; sourceTree = "<group>"; };
		F33B71AC2D919D0600A49099 /* YoutubeViewController.swift */ = {isa = PBXFileReference; lastKnownFileType = sourcecode.swift; path = YoutubeViewController.swift; sourceTree = "<group>"; };
		F33B71AE2D919EDE00A49099 /* SectionHeaderView.swift */ = {isa = PBXFileReference; lastKnownFileType = sourcecode.swift; path = SectionHeaderView.swift; sourceTree = "<group>"; };
		F3FC48462DD332400040DF9D /* MainViewModel.swift */ = {isa = PBXFileReference; lastKnownFileType = sourcecode.swift; path = MainViewModel.swift; sourceTree = "<group>"; };
		F3FC48492DD335B30040DF9D /* NetworkManager.swift */ = {isa = PBXFileReference; lastKnownFileType = sourcecode.swift; path = NetworkManager.swift; sourceTree = "<group>"; };
		F3FC484D2DD46A390040DF9D /* Config.xcconfig */ = {isa = PBXFileReference; lastKnownFileType = text.xcconfig; path = Config.xcconfig; sourceTree = "<group>"; };
		F3FC48642DD9F2F20040DF9D /* DetailViewModel.swift */ = {isa = PBXFileReference; lastKnownFileType = sourcecode.swift; path = DetailViewModel.swift; sourceTree = "<group>"; };
		F3FC48662DD9F3CC0040DF9D /* DetailViewController.swift */ = {isa = PBXFileReference; lastKnownFileType = sourcecode.swift; path = DetailViewController.swift; sourceTree = "<group>"; };
		F3FC486C2DDB2AE60040DF9D /* FavoriteMovie.xcdatamodel */ = {isa = PBXFileReference; lastKnownFileType = wrapper.xcdatamodel; path = FavoriteMovie.xcdatamodel; sourceTree = "<group>"; };
		F3FC486E2DDB2B8B0040DF9D /* CoreDataManager.swift */ = {isa = PBXFileReference; lastKnownFileType = sourcecode.swift; path = CoreDataManager.swift; sourceTree = "<group>"; };
		F3FC48742DDB2E7B0040DF9D /* FavoriteMovie+CoreDataClass.swift */ = {isa = PBXFileReference; lastKnownFileType = sourcecode.swift; path = "FavoriteMovie+CoreDataClass.swift"; sourceTree = "<group>"; };
		F3FC48752DDB2E7B0040DF9D /* FavoriteMovie+CoreDataProperties.swift */ = {isa = PBXFileReference; lastKnownFileType = sourcecode.swift; path = "FavoriteMovie+CoreDataProperties.swift"; sourceTree = "<group>"; };
		F3FC48782DDC72BC0040DF9D /* MyNetflixViewController.swift */ = {isa = PBXFileReference; lastKnownFileType = sourcecode.swift; path = MyNetflixViewController.swift; sourceTree = "<group>"; };
		F3FC487A2DDC72C50040DF9D /* MyNetflixViewModel.swift */ = {isa = PBXFileReference; lastKnownFileType = sourcecode.swift; path = MyNetflixViewModel.swift; sourceTree = "<group>"; };
		F3FC487C2DDEEF9A0040DF9D /* FavoriteMovieCell.swift */ = {isa = PBXFileReference; lastKnownFileType = sourcecode.swift; path = FavoriteMovieCell.swift; sourceTree = "<group>"; };
		F3FC48802DDEFCD70040DF9D /* MainTabBarController.swift */ = {isa = PBXFileReference; lastKnownFileType = sourcecode.swift; path = MainTabBarController.swift; sourceTree = "<group>"; };
		F3FC48822DDF0F920040DF9D /* BaseViewController.swift */ = {isa = PBXFileReference; lastKnownFileType = sourcecode.swift; path = BaseViewController.swift; sourceTree = "<group>"; };
		F3FC48842DE04F1E0040DF9D /* SearchViewController.swift */ = {isa = PBXFileReference; lastKnownFileType = sourcecode.swift; path = SearchViewController.swift; sourceTree = "<group>"; };
		F3FC48862DE04F3C0040DF9D /* SearchViewModel.swift */ = {isa = PBXFileReference; lastKnownFileType = sourcecode.swift; path = SearchViewModel.swift; sourceTree = "<group>"; };
		F3FC48882DE0594A0040DF9D /* SearchHistoryManager.swift */ = {isa = PBXFileReference; lastKnownFileType = sourcecode.swift; path = SearchHistoryManager.swift; sourceTree = "<group>"; };
		F3FC488A2DE064A10040DF9D /* HistoryCell.swift */ = {isa = PBXFileReference; lastKnownFileType = sourcecode.swift; path = HistoryCell.swift; sourceTree = "<group>"; };
		F3FC488C2DE45B630040DF9D /* SearchResultView.swift */ = {isa = PBXFileReference; lastKnownFileType = sourcecode.swift; path = SearchResultView.swift; sourceTree = "<group>"; };
/* End PBXFileReference section */

/* Begin PBXFrameworksBuildPhase section */
		F33B71302D89B66200A49099 /* Frameworks */ = {
			isa = PBXFrameworksBuildPhase;
			buildActionMask = 2147483647;
			files = (
				F3FC485E2DD486E40040DF9D /* RxRelay in Frameworks */,
				F3FC485C2DD486E40040DF9D /* RxCocoa in Frameworks */,
				F33B71A92D919C8D00A49099 /* SnapKit in Frameworks */,
				F3FC48612DD5E42D0040DF9D /* YouTubeiOSPlayerHelper in Frameworks */,
				F3FC486A2DDAFF1A0040DF9D /* Kingfisher in Frameworks */,
			);
			runOnlyForDeploymentPostprocessing = 0;
		};
/* End PBXFrameworksBuildPhase section */

/* Begin PBXGroup section */
		F33B712A2D89B66200A49099 = {
			isa = PBXGroup;
			children = (
				F3FC484E2DD471070040DF9D /* Config */,
				F33B71352D89B66200A49099 /* Uflix */,
				F33B71342D89B66200A49099 /* Products */,
			);
			sourceTree = "<group>";
		};
		F33B71342D89B66200A49099 /* Products */ = {
			isa = PBXGroup;
			children = (
				F33B71332D89B66200A49099 /* Uflix.app */,
			);
			name = Products;
			sourceTree = "<group>";
		};
		F33B71352D89B66200A49099 /* Uflix */ = {
			isa = PBXGroup;
			children = (
				F3FC48482DD3359C0040DF9D /* Common */,
				F33B714A2D89B67C00A49099 /* App */,
				F33B717E2D903D3C00A49099 /* Model */,
				F33B717F2D903D5100A49099 /* View */,
				F33B714D2D89B6A000A49099 /* ViewModel */,
			);
			path = Uflix;
			sourceTree = "<group>";
		};
		F33B714A2D89B67C00A49099 /* App */ = {
			isa = PBXGroup;
			children = (
				F33B71362D89B66200A49099 /* AppDelegate.swift */,
				F33B713F2D89B66400A49099 /* Assets.xcassets */,
				F33B71412D89B66400A49099 /* LaunchScreen.storyboard */,
				F33B71442D89B66400A49099 /* Info.plist */,
				F3FC486B2DDB2AE60040DF9D /* UFlixModel.xcdatamodeld */,
			);
			path = App;
			sourceTree = "<group>";
		};
		F33B714D2D89B6A000A49099 /* ViewModel */ = {
			isa = PBXGroup;
			children = (
				F3FC48462DD332400040DF9D /* MainViewModel.swift */,
				F3FC48642DD9F2F20040DF9D /* DetailViewModel.swift */,
				F3FC487A2DDC72C50040DF9D /* MyNetflixViewModel.swift */,
				F3FC48862DE04F3C0040DF9D /* SearchViewModel.swift */,
			);
			path = ViewModel;
			sourceTree = "<group>";
		};
		F33B717E2D903D3C00A49099 /* Model */ = {
			isa = PBXGroup;
			children = (
				F33B71802D903DBD00A49099 /* Movie.swift */,
				F33B71822D903DC700A49099 /* Video.swift */,
				F3FC48742DDB2E7B0040DF9D /* FavoriteMovie+CoreDataClass.swift */,
				F3FC48752DDB2E7B0040DF9D /* FavoriteMovie+CoreDataProperties.swift */,
			);
			path = Model;
			sourceTree = "<group>";
		};
		F33B717F2D903D5100A49099 /* View */ = {
			isa = PBXGroup;
			children = (
				F3FC48802DDEFCD70040DF9D /* MainTabBarController.swift */,
				F3FC48822DDF0F920040DF9D /* BaseViewController.swift */,
				F33B713A2D89B66200A49099 /* MainViewController.swift */,
				F33B71AA2D919CCE00A49099 /* PosterCell.swift */,
				F33B71AE2D919EDE00A49099 /* SectionHeaderView.swift */,
				F33B71AC2D919D0600A49099 /* YoutubeViewController.swift */,
				F3FC48662DD9F3CC0040DF9D /* DetailViewController.swift */,
				F3FC48782DDC72BC0040DF9D /* MyNetflixViewController.swift */,
				F3FC487C2DDEEF9A0040DF9D /* FavoriteMovieCell.swift */,
				F3FC48842DE04F1E0040DF9D /* SearchViewController.swift */,
				F3FC488C2DE45B630040DF9D /* SearchResultView.swift */,
				F3FC488A2DE064A10040DF9D /* HistoryCell.swift */,
			);
			path = View;
			sourceTree = "<group>";
		};
		F3FC48482DD3359C0040DF9D /* Common */ = {
			isa = PBXGroup;
			children = (
				F3FC48492DD335B30040DF9D /* NetworkManager.swift */,
				F3FC486E2DDB2B8B0040DF9D /* CoreDataManager.swift */,
				F3FC48882DE0594A0040DF9D /* SearchHistoryManager.swift */,
			);
			path = Common;
			sourceTree = "<group>";
		};
		F3FC484E2DD471070040DF9D /* Config */ = {
			isa = PBXGroup;
			children = (
				F3FC484D2DD46A390040DF9D /* Config.xcconfig */,
			);
			path = Config;
			sourceTree = "<group>";
		};
/* End PBXGroup section */

/* Begin PBXNativeTarget section */
		F33B71322D89B66200A49099 /* Uflix */ = {
			isa = PBXNativeTarget;
			buildConfigurationList = F33B71472D89B66400A49099 /* Build configuration list for PBXNativeTarget "Uflix" */;
			buildPhases = (
				F33B712F2D89B66200A49099 /* Sources */,
				F33B71302D89B66200A49099 /* Frameworks */,
				F33B71312D89B66200A49099 /* Resources */,
			);
			buildRules = (
			);
			dependencies = (
			);
			name = Uflix;
			packageProductDependencies = (
				F33B71A82D919C8D00A49099 /* SnapKit */,
				F3FC485B2DD486E40040DF9D /* RxCocoa */,
				F3FC485D2DD486E40040DF9D /* RxRelay */,
				F3FC48602DD5E42D0040DF9D /* YouTubeiOSPlayerHelper */,
				F3FC48692DDAFF1A0040DF9D /* Kingfisher */,
			);
			productName = Uflix;
			productReference = F33B71332D89B66200A49099 /* Uflix.app */;
			productType = "com.apple.product-type.application";
		};
/* End PBXNativeTarget section */

/* Begin PBXProject section */
		F33B712B2D89B66200A49099 /* Project object */ = {
			isa = PBXProject;
			attributes = {
				BuildIndependentTargetsInParallel = 1;
				LastSwiftUpdateCheck = 1540;
				LastUpgradeCheck = 1540;
				TargetAttributes = {
					F33B71322D89B66200A49099 = {
						CreatedOnToolsVersion = 15.4;
					};
				};
			};
			buildConfigurationList = F33B712E2D89B66200A49099 /* Build configuration list for PBXProject "Uflix" */;
			compatibilityVersion = "Xcode 14.0";
			developmentRegion = en;
			hasScannedForEncodings = 0;
			knownRegions = (
				en,
				Base,
			);
			mainGroup = F33B712A2D89B66200A49099;
			packageReferences = (
				F33B71A72D919C8D00A49099 /* XCRemoteSwiftPackageReference "SnapKit" */,
				F3FC485A2DD486E40040DF9D /* XCRemoteSwiftPackageReference "RxSwift" */,
				F3FC485F2DD5E42D0040DF9D /* XCRemoteSwiftPackageReference "youtube-ios-player-helper" */,
				F3FC48682DDAFF1A0040DF9D /* XCRemoteSwiftPackageReference "Kingfisher" */,
			);
			productRefGroup = F33B71342D89B66200A49099 /* Products */;
			projectDirPath = "";
			projectRoot = "";
			targets = (
				F33B71322D89B66200A49099 /* Uflix */,
			);
		};
/* End PBXProject section */

/* Begin PBXResourcesBuildPhase section */
		F33B71312D89B66200A49099 /* Resources */ = {
			isa = PBXResourcesBuildPhase;
			buildActionMask = 2147483647;
			files = (
				F33B71402D89B66400A49099 /* Assets.xcassets in Resources */,
				F33B71432D89B66400A49099 /* Base in Resources */,
			);
			runOnlyForDeploymentPostprocessing = 0;
		};
/* End PBXResourcesBuildPhase section */

/* Begin PBXSourcesBuildPhase section */
		F33B712F2D89B66200A49099 /* Sources */ = {
			isa = PBXSourcesBuildPhase;
			buildActionMask = 2147483647;
			files = (
				F3FC48872DE04F3C0040DF9D /* SearchViewModel.swift in Sources */,
				F3FC484A2DD335B30040DF9D /* NetworkManager.swift in Sources */,
				F33B713B2D89B66200A49099 /* MainViewController.swift in Sources */,
				F3FC48892DE0594A0040DF9D /* SearchHistoryManager.swift in Sources */,
				F33B71AB2D919CCE00A49099 /* PosterCell.swift in Sources */,
				F3FC48672DD9F3CC0040DF9D /* DetailViewController.swift in Sources */,
				F3FC488B2DE064A10040DF9D /* HistoryCell.swift in Sources */,
				F33B71AD2D919D0600A49099 /* YoutubeViewController.swift in Sources */,
				F3FC48832DDF0F920040DF9D /* BaseViewController.swift in Sources */,
				F33B71372D89B66200A49099 /* AppDelegate.swift in Sources */,
				F3FC486D2DDB2AE60040DF9D /* UFlixModel.xcdatamodeld in Sources */,
				F3FC48792DDC72BC0040DF9D /* MyNetflixViewController.swift in Sources */,
				F3FC486F2DDB2B8B0040DF9D /* CoreDataManager.swift in Sources */,
				F3FC48762DDB2E7B0040DF9D /* FavoriteMovie+CoreDataClass.swift in Sources */,
				F3FC487D2DDEEF9A0040DF9D /* FavoriteMovieCell.swift in Sources */,
				F3FC48772DDB2E7B0040DF9D /* FavoriteMovie+CoreDataProperties.swift in Sources */,
				F3FC487B2DDC72C50040DF9D /* MyNetflixViewModel.swift in Sources */,
				F3FC48812DDEFCD70040DF9D /* MainTabBarController.swift in Sources */,
				F3FC48852DE04F1E0040DF9D /* SearchViewController.swift in Sources */,
				F33B71AF2D919EDE00A49099 /* SectionHeaderView.swift in Sources */,
				F33B71812D903DBD00A49099 /* Movie.swift in Sources */,
				F33B71832D903DC700A49099 /* Video.swift in Sources */,
				F3FC48652DD9F2F20040DF9D /* DetailViewModel.swift in Sources */,
				F3FC48472DD332400040DF9D /* MainViewModel.swift in Sources */,
				F3FC488D2DE45B630040DF9D /* SearchResultView.swift in Sources */,
			);
			runOnlyForDeploymentPostprocessing = 0;
		};
/* End PBXSourcesBuildPhase section */

/* Begin PBXVariantGroup section */
		F33B71412D89B66400A49099 /* LaunchScreen.storyboard */ = {
			isa = PBXVariantGroup;
			children = (
				F33B71422D89B66400A49099 /* Base */,
			);
			name = LaunchScreen.storyboard;
			sourceTree = "<group>";
		};
/* End PBXVariantGroup section */

/* Begin XCBuildConfiguration section */
		F33B71452D89B66400A49099 /* Debug */ = {
			isa = XCBuildConfiguration;
			buildSettings = {
				ALWAYS_SEARCH_USER_PATHS = NO;
				ASSETCATALOG_COMPILER_GENERATE_SWIFT_ASSET_SYMBOL_EXTENSIONS = YES;
				CLANG_ANALYZER_NONNULL = YES;
				CLANG_ANALYZER_NUMBER_OBJECT_CONVERSION = YES_AGGRESSIVE;
				CLANG_CXX_LANGUAGE_STANDARD = "gnu++20";
				CLANG_ENABLE_MODULES = YES;
				CLANG_ENABLE_OBJC_ARC = YES;
				CLANG_ENABLE_OBJC_WEAK = YES;
				CLANG_WARN_BLOCK_CAPTURE_AUTORELEASING = YES;
				CLANG_WARN_BOOL_CONVERSION = YES;
				CLANG_WARN_COMMA = YES;
				CLANG_WARN_CONSTANT_CONVERSION = YES;
				CLANG_WARN_DEPRECATED_OBJC_IMPLEMENTATIONS = YES;
				CLANG_WARN_DIRECT_OBJC_ISA_USAGE = YES_ERROR;
				CLANG_WARN_DOCUMENTATION_COMMENTS = YES;
				CLANG_WARN_EMPTY_BODY = YES;
				CLANG_WARN_ENUM_CONVERSION = YES;
				CLANG_WARN_INFINITE_RECURSION = YES;
				CLANG_WARN_INT_CONVERSION = YES;
				CLANG_WARN_NON_LITERAL_NULL_CONVERSION = YES;
				CLANG_WARN_OBJC_IMPLICIT_RETAIN_SELF = YES;
				CLANG_WARN_OBJC_LITERAL_CONVERSION = YES;
				CLANG_WARN_OBJC_ROOT_CLASS = YES_ERROR;
				CLANG_WARN_QUOTED_INCLUDE_IN_FRAMEWORK_HEADER = YES;
				CLANG_WARN_RANGE_LOOP_ANALYSIS = YES;
				CLANG_WARN_STRICT_PROTOTYPES = YES;
				CLANG_WARN_SUSPICIOUS_MOVE = YES;
				CLANG_WARN_UNGUARDED_AVAILABILITY = YES_AGGRESSIVE;
				CLANG_WARN_UNREACHABLE_CODE = YES;
				CLANG_WARN__DUPLICATE_METHOD_MATCH = YES;
				COPY_PHASE_STRIP = NO;
				DEBUG_INFORMATION_FORMAT = dwarf;
				ENABLE_STRICT_OBJC_MSGSEND = YES;
				ENABLE_TESTABILITY = YES;
				ENABLE_USER_SCRIPT_SANDBOXING = YES;
				GCC_C_LANGUAGE_STANDARD = gnu17;
				GCC_DYNAMIC_NO_PIC = NO;
				GCC_NO_COMMON_BLOCKS = YES;
				GCC_OPTIMIZATION_LEVEL = 0;
				GCC_PREPROCESSOR_DEFINITIONS = (
					"DEBUG=1",
					"$(inherited)",
				);
				GCC_WARN_64_TO_32_BIT_CONVERSION = YES;
				GCC_WARN_ABOUT_RETURN_TYPE = YES_ERROR;
				GCC_WARN_UNDECLARED_SELECTOR = YES;
				GCC_WARN_UNINITIALIZED_AUTOS = YES_AGGRESSIVE;
				GCC_WARN_UNUSED_FUNCTION = YES;
				GCC_WARN_UNUSED_VARIABLE = YES;
				IPHONEOS_DEPLOYMENT_TARGET = 17.5;
				LOCALIZATION_PREFERS_STRING_CATALOGS = YES;
				MTL_ENABLE_DEBUG_INFO = INCLUDE_SOURCE;
				MTL_FAST_MATH = YES;
				ONLY_ACTIVE_ARCH = YES;
				SDKROOT = iphoneos;
				SWIFT_ACTIVE_COMPILATION_CONDITIONS = "DEBUG $(inherited)";
				SWIFT_OPTIMIZATION_LEVEL = "-Onone";
			};
			name = Debug;
		};
		F33B71462D89B66400A49099 /* Release */ = {
			isa = XCBuildConfiguration;
			buildSettings = {
				ALWAYS_SEARCH_USER_PATHS = NO;
				ASSETCATALOG_COMPILER_GENERATE_SWIFT_ASSET_SYMBOL_EXTENSIONS = YES;
				CLANG_ANALYZER_NONNULL = YES;
				CLANG_ANALYZER_NUMBER_OBJECT_CONVERSION = YES_AGGRESSIVE;
				CLANG_CXX_LANGUAGE_STANDARD = "gnu++20";
				CLANG_ENABLE_MODULES = YES;
				CLANG_ENABLE_OBJC_ARC = YES;
				CLANG_ENABLE_OBJC_WEAK = YES;
				CLANG_WARN_BLOCK_CAPTURE_AUTORELEASING = YES;
				CLANG_WARN_BOOL_CONVERSION = YES;
				CLANG_WARN_COMMA = YES;
				CLANG_WARN_CONSTANT_CONVERSION = YES;
				CLANG_WARN_DEPRECATED_OBJC_IMPLEMENTATIONS = YES;
				CLANG_WARN_DIRECT_OBJC_ISA_USAGE = YES_ERROR;
				CLANG_WARN_DOCUMENTATION_COMMENTS = YES;
				CLANG_WARN_EMPTY_BODY = YES;
				CLANG_WARN_ENUM_CONVERSION = YES;
				CLANG_WARN_INFINITE_RECURSION = YES;
				CLANG_WARN_INT_CONVERSION = YES;
				CLANG_WARN_NON_LITERAL_NULL_CONVERSION = YES;
				CLANG_WARN_OBJC_IMPLICIT_RETAIN_SELF = YES;
				CLANG_WARN_OBJC_LITERAL_CONVERSION = YES;
				CLANG_WARN_OBJC_ROOT_CLASS = YES_ERROR;
				CLANG_WARN_QUOTED_INCLUDE_IN_FRAMEWORK_HEADER = YES;
				CLANG_WARN_RANGE_LOOP_ANALYSIS = YES;
				CLANG_WARN_STRICT_PROTOTYPES = YES;
				CLANG_WARN_SUSPICIOUS_MOVE = YES;
				CLANG_WARN_UNGUARDED_AVAILABILITY = YES_AGGRESSIVE;
				CLANG_WARN_UNREACHABLE_CODE = YES;
				CLANG_WARN__DUPLICATE_METHOD_MATCH = YES;
				COPY_PHASE_STRIP = NO;
				DEBUG_INFORMATION_FORMAT = "dwarf-with-dsym";
				ENABLE_NS_ASSERTIONS = NO;
				ENABLE_STRICT_OBJC_MSGSEND = YES;
				ENABLE_USER_SCRIPT_SANDBOXING = YES;
				GCC_C_LANGUAGE_STANDARD = gnu17;
				GCC_NO_COMMON_BLOCKS = YES;
				GCC_WARN_64_TO_32_BIT_CONVERSION = YES;
				GCC_WARN_ABOUT_RETURN_TYPE = YES_ERROR;
				GCC_WARN_UNDECLARED_SELECTOR = YES;
				GCC_WARN_UNINITIALIZED_AUTOS = YES_AGGRESSIVE;
				GCC_WARN_UNUSED_FUNCTION = YES;
				GCC_WARN_UNUSED_VARIABLE = YES;
				IPHONEOS_DEPLOYMENT_TARGET = 17.5;
				LOCALIZATION_PREFERS_STRING_CATALOGS = YES;
				MTL_ENABLE_DEBUG_INFO = NO;
				MTL_FAST_MATH = YES;
				SDKROOT = iphoneos;
				SWIFT_COMPILATION_MODE = wholemodule;
				VALIDATE_PRODUCT = YES;
			};
			name = Release;
		};
		F33B71482D89B66400A49099 /* Debug */ = {
			isa = XCBuildConfiguration;
			baseConfigurationReference = F3FC484D2DD46A390040DF9D /* Config.xcconfig */;
			buildSettings = {
				ASSETCATALOG_COMPILER_APPICON_NAME = AppIcon;
				ASSETCATALOG_COMPILER_GLOBAL_ACCENT_COLOR_NAME = AccentColor;
				CODE_SIGN_STYLE = Automatic;
				CURRENT_PROJECT_VERSION = 1;
				GENERATE_INFOPLIST_FILE = YES;
				INFOPLIST_FILE = Uflix/App/Info.plist;
				INFOPLIST_KEY_UIApplicationSupportsIndirectInputEvents = YES;
				INFOPLIST_KEY_UILaunchStoryboardName = LaunchScreen;
				INFOPLIST_KEY_UISupportedInterfaceOrientations_iPad = "UIInterfaceOrientationPortrait UIInterfaceOrientationPortraitUpsideDown UIInterfaceOrientationLandscapeLeft UIInterfaceOrientationLandscapeRight";
				INFOPLIST_KEY_UISupportedInterfaceOrientations_iPhone = "UIInterfaceOrientationPortrait UIInterfaceOrientationLandscapeLeft UIInterfaceOrientationLandscapeRight";
				LD_RUNPATH_SEARCH_PATHS = (
					"$(inherited)",
					"@executable_path/Frameworks",
				);
				MARKETING_VERSION = 1.0;
				PRODUCT_BUNDLE_IDENTIFIER = com.study.Uflix;
				PRODUCT_NAME = "$(TARGET_NAME)";
				SWIFT_EMIT_LOC_STRINGS = YES;
				SWIFT_VERSION = 5.0;
				TARGETED_DEVICE_FAMILY = "1,2";
			};
			name = Debug;
		};
		F33B71492D89B66400A49099 /* Release */ = {
			isa = XCBuildConfiguration;
			buildSettings = {
				ASSETCATALOG_COMPILER_APPICON_NAME = AppIcon;
				ASSETCATALOG_COMPILER_GLOBAL_ACCENT_COLOR_NAME = AccentColor;
				CODE_SIGN_STYLE = Automatic;
				CURRENT_PROJECT_VERSION = 1;
				GENERATE_INFOPLIST_FILE = YES;
				INFOPLIST_FILE = Uflix/App/Info.plist;
				INFOPLIST_KEY_UIApplicationSupportsIndirectInputEvents = YES;
				INFOPLIST_KEY_UILaunchStoryboardName = LaunchScreen;
				INFOPLIST_KEY_UISupportedInterfaceOrientations_iPad = "UIInterfaceOrientationPortrait UIInterfaceOrientationPortraitUpsideDown UIInterfaceOrientationLandscapeLeft UIInterfaceOrientationLandscapeRight";
				INFOPLIST_KEY_UISupportedInterfaceOrientations_iPhone = "UIInterfaceOrientationPortrait UIInterfaceOrientationLandscapeLeft UIInterfaceOrientationLandscapeRight";
				LD_RUNPATH_SEARCH_PATHS = (
					"$(inherited)",
					"@executable_path/Frameworks",
				);
				MARKETING_VERSION = 1.0;
				PRODUCT_BUNDLE_IDENTIFIER = com.study.Uflix;
				PRODUCT_NAME = "$(TARGET_NAME)";
				SWIFT_EMIT_LOC_STRINGS = YES;
				SWIFT_VERSION = 5.0;
				TARGETED_DEVICE_FAMILY = "1,2";
			};
			name = Release;
		};
/* End XCBuildConfiguration section */

/* Begin XCConfigurationList section */
		F33B712E2D89B66200A49099 /* Build configuration list for PBXProject "Uflix" */ = {
			isa = XCConfigurationList;
			buildConfigurations = (
				F33B71452D89B66400A49099 /* Debug */,
				F33B71462D89B66400A49099 /* Release */,
			);
			defaultConfigurationIsVisible = 0;
			defaultConfigurationName = Release;
		};
		F33B71472D89B66400A49099 /* Build configuration list for PBXNativeTarget "Uflix" */ = {
			isa = XCConfigurationList;
			buildConfigurations = (
				F33B71482D89B66400A49099 /* Debug */,
				F33B71492D89B66400A49099 /* Release */,
			);
			defaultConfigurationIsVisible = 0;
			defaultConfigurationName = Release;
		};
/* End XCConfigurationList section */

/* Begin XCRemoteSwiftPackageReference section */
		F33B71A72D919C8D00A49099 /* XCRemoteSwiftPackageReference "SnapKit" */ = {
			isa = XCRemoteSwiftPackageReference;
			repositoryURL = "https://github.com/SnapKit/SnapKit";
			requirement = {
				kind = upToNextMajorVersion;
				minimumVersion = 5.7.1;
			};
		};
		F3FC485A2DD486E40040DF9D /* XCRemoteSwiftPackageReference "RxSwift" */ = {
			isa = XCRemoteSwiftPackageReference;
			repositoryURL = "https://github.com/ReactiveX/RxSwift";
			requirement = {
				kind = upToNextMajorVersion;
				minimumVersion = 6.9.0;
			};
		};
		F3FC485F2DD5E42D0040DF9D /* XCRemoteSwiftPackageReference "youtube-ios-player-helper" */ = {
			isa = XCRemoteSwiftPackageReference;
			repositoryURL = "https://github.com/youtube/youtube-ios-player-helper.git";
			requirement = {
				kind = upToNextMajorVersion;
				minimumVersion = 1.0.4;
			};
		};
		F3FC48682DDAFF1A0040DF9D /* XCRemoteSwiftPackageReference "Kingfisher" */ = {
			isa = XCRemoteSwiftPackageReference;
			repositoryURL = "https://github.com/onevcat/Kingfisher";
			requirement = {
				kind = upToNextMajorVersion;
				minimumVersion = 8.3.2;
			};
		};
/* End XCRemoteSwiftPackageReference section */

/* Begin XCSwiftPackageProductDependency section */
		F33B71A82D919C8D00A49099 /* SnapKit */ = {
			isa = XCSwiftPackageProductDependency;
			package = F33B71A72D919C8D00A49099 /* XCRemoteSwiftPackageReference "SnapKit" */;
			productName = SnapKit;
		};
		F3FC485B2DD486E40040DF9D /* RxCocoa */ = {
			isa = XCSwiftPackageProductDependency;
			package = F3FC485A2DD486E40040DF9D /* XCRemoteSwiftPackageReference "RxSwift" */;
			productName = RxCocoa;
		};
		F3FC485D2DD486E40040DF9D /* RxRelay */ = {
			isa = XCSwiftPackageProductDependency;
			package = F3FC485A2DD486E40040DF9D /* XCRemoteSwiftPackageReference "RxSwift" */;
			productName = RxRelay;
		};
		F3FC48602DD5E42D0040DF9D /* YouTubeiOSPlayerHelper */ = {
			isa = XCSwiftPackageProductDependency;
			package = F3FC485F2DD5E42D0040DF9D /* XCRemoteSwiftPackageReference "youtube-ios-player-helper" */;
			productName = YouTubeiOSPlayerHelper;
		};
		F3FC48692DDAFF1A0040DF9D /* Kingfisher */ = {
			isa = XCSwiftPackageProductDependency;
			package = F3FC48682DDAFF1A0040DF9D /* XCRemoteSwiftPackageReference "Kingfisher" */;
			productName = Kingfisher;
		};
/* End XCSwiftPackageProductDependency section */

/* Begin XCVersionGroup section */
		F3FC486B2DDB2AE60040DF9D /* UFlixModel.xcdatamodeld */ = {
			isa = XCVersionGroup;
			children = (
				F3FC486C2DDB2AE60040DF9D /* FavoriteMovie.xcdatamodel */,
			);
			currentVersion = F3FC486C2DDB2AE60040DF9D /* FavoriteMovie.xcdatamodel */;
			path = UFlixModel.xcdatamodeld;
			sourceTree = "<group>";
			versionGroupType = wrapper.xcdatamodel;
		};
/* End XCVersionGroup section */
	};
	rootObject = F33B712B2D89B66200A49099 /* Project object */;
}
